<?xml version="1.0" encoding="UTF-8" standalone="yes" ?>
<CodeBlocks_project_file>
	<FileVersion major="1" minor="6" />
	<Project>
		<Option title="obligatorio2" />
		<Option pch_mode="2" />
		<Option compiler="gcc" />
		<Build>
			<Target title="Debug">
				<Option output="bin/Debug/obligatorio2" prefix_auto="1" extension_auto="1" />
				<Option object_output="obj/Debug/" />
				<Option type="1" />
				<Option compiler="gcc" />
				<Compiler>
					<Add option="-g" />
				</Compiler>
			</Target>
			<Target title="Release">
				<Option output="bin/Release/obligatorio2" prefix_auto="1" extension_auto="1" />
				<Option object_output="obj/Release/" />
				<Option type="1" />
				<Option compiler="gcc" />
				<Compiler>
					<Add option="-O2" />
				</Compiler>
				<Linker>
					<Add option="-s" />
				</Linker>
			</Target>
		</Build>
		<Compiler>
			<Add option="-Wall" />
			<Add option="-fexceptions" />
		</Compiler>
		<Unit filename="auto.cpp" />
		<Unit filename="auto.h" />
		<Unit filename="boolean.cpp" />
		<Unit filename="boolean.h" />
		<Unit filename="camioneta.cpp" />
		<Unit filename="camioneta.h" />
		<Unit filename="clasificacion.cpp" />
		<Unit filename="clasificacion.h" />
		<Unit filename="departamento.cpp" />
		<Unit filename="departamento.h" />
		<Unit filename="estacionamiento.cpp" />
		<Unit filename="estacionamiento.h" />
		<Unit filename="hora.cpp" />
		<Unit filename="hora.h" />
		<Unit filename="main.cpp" />
		<Unit filename="menu.cpp" />
		<Unit filename="menu.h" />
		<Unit filename="string.cpp" />
		<Unit filename="string.h" />
		<Unit filename="vehiculo.cpp" />
		<Unit filename="vehiculo.h" />
		<Extensions>
			<lib_finder disable_auto="1" />
			<code_completion />
			<envvars />
			<debugger />
		</Extensions>
	</Project>
</CodeBlocks_project_file>
